
Microsoft Visual Studio Solution File, Format Version 12.00
# Visual Studio Version 16
VisualStudioVersion = 16.0.29503.13
MinimumVisualStudioVersion = 10.0.40219.1
Project("{FAE04EC0-301F-11D3-BF4B-00C04F79EFBC}") = "H_W1(somia)", "H_W1(somia)\H_W1(somia).csproj", "{99687D82-E3A2-4C62-8CA7-73974BE0CDDB}"
EndProject
Global
	GlobalSection(SolutionConfigurationPlatforms) = preSolution
		Debug|Any CPU = Debug|Any CPU
		Release|Any CPU = Release|Any CPU
	EndGlobalSection
	GlobalSection(ProjectConfigurationPlatforms) = postSolution
		{99687D82-E3A2-4C62-8CA7-73974BE0CDDB}.Debug|Any CPU.ActiveCfg = Debug|Any CPU
		{99687D82-E3A2-4C62-8CA7-73974BE0CDDB}.Debug|Any CPU.Build.0 = Debug|Any CPU
		{99687D82-E3A2-4C62-8CA7-73974BE0CDDB}.Release|Any CPU.ActiveCfg = Release|Any CPU
		{99687D82-E3A2-4C62-8CA7-73974BE0CDDB}.Release|Any CPU.Build.0 = Release|Any CPU
	EndGlobalSection
	GlobalSection(SolutionProperties) = preSolution
		HideSolutionNode = FALSE
	EndGlobalSection
	GlobalSection(ExtensibilityGlobals) = postSolution
		SolutionGuid = {4A9EDB2E-F3A4-4A62-B250-E79EF894180A}
	EndGlobalSection
EndGlobal
